
Microsoft Visual Studio Solution File, Format Version 11.00
# Visual C# Express 2010
Project("{FAE04EC0-301F-11D3-BF4B-00C04F79EFBC}") = "SolvencyToACORD", "SolvencyToACORD\SolvencyToACORD.csproj", "{CCA94BD9-F662-4B6F-BB04-D1A6DAEE5415}"
EndProject
Global
	GlobalSection(SolutionConfigurationPlatforms) = preSolution
		Debug|x86 = Debug|x86
		Release|x86 = Release|x86
	EndGlobalSection
	GlobalSection(ProjectConfigurationPlatforms) = postSolution
		{CCA94BD9-F662-4B6F-BB04-D1A6DAEE5415}.Debug|x86.ActiveCfg = Debug|x86
		{CCA94BD9-F662-4B6F-BB04-D1A6DAEE5415}.Debug|x86.Build.0 = Debug|x86
		{CCA94BD9-F662-4B6F-BB04-D1A6DAEE5415}.Release|x86.ActiveCfg = Release|x86
		{CCA94BD9-F662-4B6F-BB04-D1A6DAEE5415}.Release|x86.Build.0 = Release|x86
	EndGlobalSection
	GlobalSection(SolutionProperties) = preSolution
		HideSolutionNode = FALSE
	EndGlobalSection
EndGlobal
